// !$*UTF8*$!
{
	archiveVersion = 1;
	classes = {
	};
	objectVersion = 50;
	objects = {

/* Begin PBXBuildFile section */
		16175430224CD23C00FEB848 /* Coordinator.swift in Sources */ = {isa = PBXBuildFile; fileRef = 1617542F224CD23C00FEB848 /* Coordinator.swift */; };
		16175432224CD25600FEB848 /* AplicationCoordinator.swift in Sources */ = {isa = PBXBuildFile; fileRef = 16175431224CD25600FEB848 /* AplicationCoordinator.swift */; };
		16175434224CD33400FEB848 /* EventsListCoordinator.swift in Sources */ = {isa = PBXBuildFile; fileRef = 16175433224CD33400FEB848 /* EventsListCoordinator.swift */; };
		16536D2722519F82002D4F17 /* StoryboardInstantiable.swift in Sources */ = {isa = PBXBuildFile; fileRef = 16536D2622519F82002D4F17 /* StoryboardInstantiable.swift */; };
		16CDC251224BFB0E009E431E /* AppDelegate.swift in Sources */ = {isa = PBXBuildFile; fileRef = 16CDC250224BFB0E009E431E /* AppDelegate.swift */; };
		16CDC253224BFB0E009E431E /* EventsListViewController.swift in Sources */ = {isa = PBXBuildFile; fileRef = 16CDC252224BFB0E009E431E /* EventsListViewController.swift */; };
		16CDC256224BFB0E009E431E /* EventsList.storyboard in Resources */ = {isa = PBXBuildFile; fileRef = 16CDC254224BFB0E009E431E /* EventsList.storyboard */; };
		16CDC258224BFB10009E431E /* Assets.xcassets in Resources */ = {isa = PBXBuildFile; fileRef = 16CDC257224BFB10009E431E /* Assets.xcassets */; };
		16CDC25B224BFB10009E431E /* LaunchScreen.storyboard in Resources */ = {isa = PBXBuildFile; fileRef = 16CDC259224BFB10009E431E /* LaunchScreen.storyboard */; };
		16CDC266224BFB11009E431E /* WoopSicrediEventsTests.swift in Sources */ = {isa = PBXBuildFile; fileRef = 16CDC265224BFB11009E431E /* WoopSicrediEventsTests.swift */; };
/* End PBXBuildFile section */

/* Begin PBXContainerItemProxy section */
		16CDC262224BFB11009E431E /* PBXContainerItemProxy */ = {
			isa = PBXContainerItemProxy;
			containerPortal = 16CDC245224BFB0E009E431E /* Project object */;
			proxyType = 1;
			remoteGlobalIDString = 16CDC24C224BFB0E009E431E;
			remoteInfo = WoopSicrediEvents;
		};
/* End PBXContainerItemProxy section */

/* Begin PBXFileReference section */
		1617542F224CD23C00FEB848 /* Coordinator.swift */ = {isa = PBXFileReference; lastKnownFileType = sourcecode.swift; path = Coordinator.swift; sourceTree = "<group>"; };
		16175431224CD25600FEB848 /* AplicationCoordinator.swift */ = {isa = PBXFileReference; lastKnownFileType = sourcecode.swift; path = AplicationCoordinator.swift; sourceTree = "<group>"; };
		16175433224CD33400FEB848 /* EventsListCoordinator.swift */ = {isa = PBXFileReference; lastKnownFileType = sourcecode.swift; path = EventsListCoordinator.swift; sourceTree = "<group>"; };
		16536D2622519F82002D4F17 /* StoryboardInstantiable.swift */ = {isa = PBXFileReference; lastKnownFileType = sourcecode.swift; path = StoryboardInstantiable.swift; sourceTree = "<group>"; };
		16CDC24D224BFB0E009E431E /* WoopSicrediEvents.app */ = {isa = PBXFileReference; explicitFileType = wrapper.application; includeInIndex = 0; path = WoopSicrediEvents.app; sourceTree = BUILT_PRODUCTS_DIR; };
		16CDC250224BFB0E009E431E /* AppDelegate.swift */ = {isa = PBXFileReference; lastKnownFileType = sourcecode.swift; path = AppDelegate.swift; sourceTree = "<group>"; };
		16CDC252224BFB0E009E431E /* EventsListViewController.swift */ = {isa = PBXFileReference; lastKnownFileType = sourcecode.swift; path = EventsListViewController.swift; sourceTree = "<group>"; };
		16CDC255224BFB0E009E431E /* Base */ = {isa = PBXFileReference; lastKnownFileType = file.storyboard; name = Base; path = Base.lproj/EventsList.storyboard; sourceTree = "<group>"; };
		16CDC257224BFB10009E431E /* Assets.xcassets */ = {isa = PBXFileReference; lastKnownFileType = folder.assetcatalog; path = Assets.xcassets; sourceTree = "<group>"; };
		16CDC25A224BFB10009E431E /* Base */ = {isa = PBXFileReference; lastKnownFileType = file.storyboard; name = Base; path = Base.lproj/LaunchScreen.storyboard; sourceTree = "<group>"; };
		16CDC25C224BFB10009E431E /* Info.plist */ = {isa = PBXFileReference; lastKnownFileType = text.plist.xml; path = Info.plist; sourceTree = "<group>"; };
		16CDC261224BFB11009E431E /* WoopSicrediEventsTests.xctest */ = {isa = PBXFileReference; explicitFileType = wrapper.cfbundle; includeInIndex = 0; path = WoopSicrediEventsTests.xctest; sourceTree = BUILT_PRODUCTS_DIR; };
		16CDC265224BFB11009E431E /* WoopSicrediEventsTests.swift */ = {isa = PBXFileReference; lastKnownFileType = sourcecode.swift; path = WoopSicrediEventsTests.swift; sourceTree = "<group>"; };
		16CDC267224BFB11009E431E /* Info.plist */ = {isa = PBXFileReference; lastKnownFileType = text.plist.xml; path = Info.plist; sourceTree = "<group>"; };
/* End PBXFileReference section */

/* Begin PBXFrameworksBuildPhase section */
		16CDC24A224BFB0E009E431E /* Frameworks */ = {
			isa = PBXFrameworksBuildPhase;
			buildActionMask = 2147483647;
			files = (
			);
			runOnlyForDeploymentPostprocessing = 0;
		};
		16CDC25E224BFB11009E431E /* Frameworks */ = {
			isa = PBXFrameworksBuildPhase;
			buildActionMask = 2147483647;
			files = (
			);
			runOnlyForDeploymentPostprocessing = 0;
		};
/* End PBXFrameworksBuildPhase section */

/* Begin PBXGroup section */
		1617542E224CD22600FEB848 /* Coordinators */ = {
			isa = PBXGroup;
			children = (
				1617542F224CD23C00FEB848 /* Coordinator.swift */,
				16175431224CD25600FEB848 /* AplicationCoordinator.swift */,
				16175433224CD33400FEB848 /* EventsListCoordinator.swift */,
			);
			path = Coordinators;
			sourceTree = "<group>";
		};
		16536D2522519F45002D4F17 /* Helpers */ = {
			isa = PBXGroup;
			children = (
				16536D2622519F82002D4F17 /* StoryboardInstantiable.swift */,
			);
			path = Helpers;
			sourceTree = "<group>";
		};
		16CDC244224BFB0E009E431E = {
			isa = PBXGroup;
			children = (
				16CDC24F224BFB0E009E431E /* WoopSicrediEvents */,
				16CDC264224BFB11009E431E /* WoopSicrediEventsTests */,
				16CDC24E224BFB0E009E431E /* Products */,
			);
			sourceTree = "<group>";
		};
		16CDC24E224BFB0E009E431E /* Products */ = {
			isa = PBXGroup;
			children = (
				16CDC24D224BFB0E009E431E /* WoopSicrediEvents.app */,
				16CDC261224BFB11009E431E /* WoopSicrediEventsTests.xctest */,
			);
			name = Products;
			sourceTree = "<group>";
		};
		16CDC24F224BFB0E009E431E /* WoopSicrediEvents */ = {
			isa = PBXGroup;
			children = (
				16CDC250224BFB0E009E431E /* AppDelegate.swift */,
				16536D2522519F45002D4F17 /* Helpers */,
				1617542E224CD22600FEB848 /* Coordinators */,
				16CDC252224BFB0E009E431E /* EventsListViewController.swift */,
				16CDC254224BFB0E009E431E /* EventsList.storyboard */,
				16CDC257224BFB10009E431E /* Assets.xcassets */,
				16CDC259224BFB10009E431E /* LaunchScreen.storyboard */,
				16CDC25C224BFB10009E431E /* Info.plist */,
			);
			path = WoopSicrediEvents;
			sourceTree = "<group>";
		};
		16CDC264224BFB11009E431E /* WoopSicrediEventsTests */ = {
			isa = PBXGroup;
			children = (
				16CDC265224BFB11009E431E /* WoopSicrediEventsTests.swift */,
				16CDC267224BFB11009E431E /* Info.plist */,
			);
			path = WoopSicrediEventsTests;
			sourceTree = "<group>";
		};
/* End PBXGroup section */

/* Begin PBXNativeTarget section */
		16CDC24C224BFB0E009E431E /* WoopSicrediEvents */ = {
			isa = PBXNativeTarget;
			buildConfigurationList = 16CDC26A224BFB11009E431E /* Build configuration list for PBXNativeTarget "WoopSicrediEvents" */;
			buildPhases = (
				16CDC249224BFB0E009E431E /* Sources */,
				16CDC24A224BFB0E009E431E /* Frameworks */,
				16CDC24B224BFB0E009E431E /* Resources */,
			);
			buildRules = (
			);
			dependencies = (
			);
			name = WoopSicrediEvents;
			productName = WoopSicrediEvents;
			productReference = 16CDC24D224BFB0E009E431E /* WoopSicrediEvents.app */;
			productType = "com.apple.product-type.application";
		};
		16CDC260224BFB11009E431E /* WoopSicrediEventsTests */ = {
			isa = PBXNativeTarget;
			buildConfigurationList = 16CDC26D224BFB11009E431E /* Build configuration list for PBXNativeTarget "WoopSicrediEventsTests" */;
			buildPhases = (
				16CDC25D224BFB11009E431E /* Sources */,
				16CDC25E224BFB11009E431E /* Frameworks */,
				16CDC25F224BFB11009E431E /* Resources */,
			);
			buildRules = (
			);
			dependencies = (
				16CDC263224BFB11009E431E /* PBXTargetDependency */,
			);
			name = WoopSicrediEventsTests;
			productName = WoopSicrediEventsTests;
			productReference = 16CDC261224BFB11009E431E /* WoopSicrediEventsTests.xctest */;
			productType = "com.apple.product-type.bundle.unit-test";
		};
/* End PBXNativeTarget section */

/* Begin PBXProject section */
		16CDC245224BFB0E009E431E /* Project object */ = {
			isa = PBXProject;
			attributes = {
				LastSwiftUpdateCheck = 1010;
				LastUpgradeCheck = 1010;
				ORGANIZATIONNAME = GP;
				TargetAttributes = {
					16CDC24C224BFB0E009E431E = {
						CreatedOnToolsVersion = 10.1;
					};
					16CDC260224BFB11009E431E = {
						CreatedOnToolsVersion = 10.1;
						TestTargetID = 16CDC24C224BFB0E009E431E;
					};
				};
			};
			buildConfigurationList = 16CDC248224BFB0E009E431E /* Build configuration list for PBXProject "WoopSicrediEvents" */;
			compatibilityVersion = "Xcode 9.3";
			developmentRegion = en;
			hasScannedForEncodings = 0;
			knownRegions = (
				en,
				Base,
			);
			mainGroup = 16CDC244224BFB0E009E431E;
			productRefGroup = 16CDC24E224BFB0E009E431E /* Products */;
			projectDirPath = "";
			projectRoot = "";
			targets = (
				16CDC24C224BFB0E009E431E /* WoopSicrediEvents */,
				16CDC260224BFB11009E431E /* WoopSicrediEventsTests */,
			);
		};
/* End PBXProject section */

/* Begin PBXResourcesBuildPhase section */
		16CDC24B224BFB0E009E431E /* Resources */ = {
			isa = PBXResourcesBuildPhase;
			buildActionMask = 2147483647;
			files = (
				16CDC25B224BFB10009E431E /* LaunchScreen.storyboard in Resources */,
				16CDC258224BFB10009E431E /* Assets.xcassets in Resources */,
				16CDC256224BFB0E009E431E /* EventsList.storyboard in Resources */,
			);
			runOnlyForDeploymentPostprocessing = 0;
		};
		16CDC25F224BFB11009E431E /* Resources */ = {
			isa = PBXResourcesBuildPhase;
			buildActionMask = 2147483647;
			files = (
			);
			runOnlyForDeploymentPostprocessing = 0;
		};
/* End PBXResourcesBuildPhase section */

/* Begin PBXSourcesBuildPhase section */
		16CDC249224BFB0E009E431E /* Sources */ = {
			isa = PBXSourcesBuildPhase;
			buildActionMask = 2147483647;
			files = (
				16CDC253224BFB0E009E431E /* EventsListViewController.swift in Sources */,
				16CDC251224BFB0E009E431E /* AppDelegate.swift in Sources */,
				16175434224CD33400FEB848 /* EventsListCoordinator.swift in Sources */,
				16175432224CD25600FEB848 /* AplicationCoordinator.swift in Sources */,
				16536D2722519F82002D4F17 /* StoryboardInstantiable.swift in Sources */,
				16175430224CD23C00FEB848 /* Coordinator.swift in Sources */,
			);
			runOnlyForDeploymentPostprocessing = 0;
		};
		16CDC25D224BFB11009E431E /* Sources */ = {
			isa = PBXSourcesBuildPhase;
			buildActionMask = 2147483647;
			files = (
				16CDC266224BFB11009E431E /* WoopSicrediEventsTests.swift in Sources */,
			);
			runOnlyForDeploymentPostprocessing = 0;
		};
/* End PBXSourcesBuildPhase section */

/* Begin PBXTargetDependency section */
		16CDC263224BFB11009E431E /* PBXTargetDependency */ = {
			isa = PBXTargetDependency;
			target = 16CDC24C224BFB0E009E431E /* WoopSicrediEvents */;
			targetProxy = 16CDC262224BFB11009E431E /* PBXContainerItemProxy */;
		};
/* End PBXTargetDependency section */

/* Begin PBXVariantGroup section */
		16CDC254224BFB0E009E431E /* EventsList.storyboard */ = {
			isa = PBXVariantGroup;
			children = (
				16CDC255224BFB0E009E431E /* Base */,
			);
			name = EventsList.storyboard;
			sourceTree = "<group>";
		};
		16CDC259224BFB10009E431E /* LaunchScreen.storyboard */ = {
			isa = PBXVariantGroup;
			children = (
				16CDC25A224BFB10009E431E /* Base */,
			);
			name = LaunchScreen.storyboard;
			sourceTree = "<group>";
		};
/* End PBXVariantGroup section */

/* Begin XCBuildConfiguration section */
		16CDC268224BFB11009E431E /* Debug */ = {
			isa = XCBuildConfiguration;
			buildSettings = {
				ALWAYS_SEARCH_USER_PATHS = NO;
				CLANG_ANALYZER_NONNULL = YES;
				CLANG_ANALYZER_NUMBER_OBJECT_CONVERSION = YES_AGGRESSIVE;
				CLANG_CXX_LANGUAGE_STANDARD = "gnu++14";
				CLANG_CXX_LIBRARY = "libc++";
				CLANG_ENABLE_MODULES = YES;
				CLANG_ENABLE_OBJC_ARC = YES;
				CLANG_ENABLE_OBJC_WEAK = YES;
				CLANG_WARN_BLOCK_CAPTURE_AUTORELEASING = YES;
				CLANG_WARN_BOOL_CONVERSION = YES;
				CLANG_WARN_COMMA = YES;
				CLANG_WARN_CONSTANT_CONVERSION = YES;
				CLANG_WARN_DEPRECATED_OBJC_IMPLEMENTATIONS = YES;
				CLANG_WARN_DIRECT_OBJC_ISA_USAGE = YES_ERROR;
				CLANG_WARN_DOCUMENTATION_COMMENTS = YES;
				CLANG_WARN_EMPTY_BODY = YES;
				CLANG_WARN_ENUM_CONVERSION = YES;
				CLANG_WARN_INFINITE_RECURSION = YES;
				CLANG_WARN_INT_CONVERSION = YES;
				CLANG_WARN_NON_LITERAL_NULL_CONVERSION = YES;
				CLANG_WARN_OBJC_IMPLICIT_RETAIN_SELF = YES;
				CLANG_WARN_OBJC_LITERAL_CONVERSION = YES;
				CLANG_WARN_OBJC_ROOT_CLASS = YES_ERROR;
				CLANG_WARN_RANGE_LOOP_ANALYSIS = YES;
				CLANG_WARN_STRICT_PROTOTYPES = YES;
				CLANG_WARN_SUSPICIOUS_MOVE = YES;
				CLANG_WARN_UNGUARDED_AVAILABILITY = YES_AGGRESSIVE;
				CLANG_WARN_UNREACHABLE_CODE = YES;
				CLANG_WARN__DUPLICATE_METHOD_MATCH = YES;
				CODE_SIGN_IDENTITY = "iPhone Developer";
				COPY_PHASE_STRIP = NO;
				DEBUG_INFORMATION_FORMAT = dwarf;
				ENABLE_STRICT_OBJC_MSGSEND = YES;
				ENABLE_TESTABILITY = YES;
				GCC_C_LANGUAGE_STANDARD = gnu11;
				GCC_DYNAMIC_NO_PIC = NO;
				GCC_NO_COMMON_BLOCKS = YES;
				GCC_OPTIMIZATION_LEVEL = 0;
				GCC_PREPROCESSOR_DEFINITIONS = (
					"DEBUG=1",
					"$(inherited)",
				);
				GCC_WARN_64_TO_32_BIT_CONVERSION = YES;
				GCC_WARN_ABOUT_RETURN_TYPE = YES_ERROR;
				GCC_WARN_UNDECLARED_SELECTOR = YES;
				GCC_WARN_UNINITIALIZED_AUTOS = YES_AGGRESSIVE;
				GCC_WARN_UNUSED_FUNCTION = YES;
				GCC_WARN_UNUSED_VARIABLE = YES;
				IPHONEOS_DEPLOYMENT_TARGET = 12.1;
				MTL_ENABLE_DEBUG_INFO = INCLUDE_SOURCE;
				MTL_FAST_MATH = YES;
				ONLY_ACTIVE_ARCH = YES;
				SDKROOT = iphoneos;
				SWIFT_ACTIVE_COMPILATION_CONDITIONS = DEBUG;
				SWIFT_OPTIMIZATION_LEVEL = "-Onone";
			};
			name = Debug;
		};
		16CDC269224BFB11009E431E /* Release */ = {
			isa = XCBuildConfiguration;
			buildSettings = {
				ALWAYS_SEARCH_USER_PATHS = NO;
				CLANG_ANALYZER_NONNULL = YES;
				CLANG_ANALYZER_NUMBER_OBJECT_CONVERSION = YES_AGGRESSIVE;
				CLANG_CXX_LANGUAGE_STANDARD = "gnu++14";
				CLANG_CXX_LIBRARY = "libc++";
				CLANG_ENABLE_MODULES = YES;
				CLANG_ENABLE_OBJC_ARC = YES;
				CLANG_ENABLE_OBJC_WEAK = YES;
				CLANG_WARN_BLOCK_CAPTURE_AUTORELEASING = YES;
				CLANG_WARN_BOOL_CONVERSION = YES;
				CLANG_WARN_COMMA = YES;
				CLANG_WARN_CONSTANT_CONVERSION = YES;
				CLANG_WARN_DEPRECATED_OBJC_IMPLEMENTATIONS = YES;
				CLANG_WARN_DIRECT_OBJC_ISA_USAGE = YES_ERROR;
				CLANG_WARN_DOCUMENTATION_COMMENTS = YES;
				CLANG_WARN_EMPTY_BODY = YES;
				CLANG_WARN_ENUM_CONVERSION = YES;
				CLANG_WARN_INFINITE_RECURSION = YES;
				CLANG_WARN_INT_CONVERSION = YES;
				CLANG_WARN_NON_LITERAL_NULL_CONVERSION = YES;
				CLANG_WARN_OBJC_IMPLICIT_RETAIN_SELF = YES;
				CLANG_WARN_OBJC_LITERAL_CONVERSION = YES;
				CLANG_WARN_OBJC_ROOT_CLASS = YES_ERROR;
				CLANG_WARN_RANGE_LOOP_ANALYSIS = YES;
				CLANG_WARN_STRICT_PROTOTYPES = YES;
				CLANG_WARN_SUSPICIOUS_MOVE = YES;
				CLANG_WARN_UNGUARDED_AVAILABILITY = YES_AGGRESSIVE;
				CLANG_WARN_UNREACHABLE_CODE = YES;
				CLANG_WARN__DUPLICATE_METHOD_MATCH = YES;
				CODE_SIGN_IDENTITY = "iPhone Developer";
				COPY_PHASE_STRIP = NO;
				DEBUG_INFORMATION_FORMAT = "dwarf-with-dsym";
				ENABLE_NS_ASSERTIONS = NO;
				ENABLE_STRICT_OBJC_MSGSEND = YES;
				GCC_C_LANGUAGE_STANDARD = gnu11;
				GCC_NO_COMMON_BLOCKS = YES;
				GCC_WARN_64_TO_32_BIT_CONVERSION = YES;
				GCC_WARN_ABOUT_RETURN_TYPE = YES_ERROR;
				GCC_WARN_UNDECLARED_SELECTOR = YES;
				GCC_WARN_UNINITIALIZED_AUTOS = YES_AGGRESSIVE;
				GCC_WARN_UNUSED_FUNCTION = YES;
				GCC_WARN_UNUSED_VARIABLE = YES;
				IPHONEOS_DEPLOYMENT_TARGET = 12.1;
				MTL_ENABLE_DEBUG_INFO = NO;
				MTL_FAST_MATH = YES;
				SDKROOT = iphoneos;
				SWIFT_COMPILATION_MODE = wholemodule;
				SWIFT_OPTIMIZATION_LEVEL = "-O";
				VALIDATE_PRODUCT = YES;
			};
			name = Release;
		};
		16CDC26B224BFB11009E431E /* Debug */ = {
			isa = XCBuildConfiguration;
			buildSettings = {
				ASSETCATALOG_COMPILER_APPICON_NAME = AppIcon;
				CODE_SIGN_STYLE = Automatic;
				DEVELOPMENT_TEAM = 22SPKR75FE;
				INFOPLIST_FILE = WoopSicrediEvents/Info.plist;
				LD_RUNPATH_SEARCH_PATHS = (
					"$(inherited)",
					"@executable_path/Frameworks",
				);
				PRODUCT_BUNDLE_IDENTIFIER = GP.WoopSicrediEvents;
				PRODUCT_NAME = "$(TARGET_NAME)";
				SWIFT_VERSION = 4.2;
				TARGETED_DEVICE_FAMILY = "1,2";
			};
			name = Debug;
		};
		16CDC26C224BFB11009E431E /* Release */ = {
			isa = XCBuildConfiguration;
			buildSettings = {
				ASSETCATALOG_COMPILER_APPICON_NAME = AppIcon;
				CODE_SIGN_STYLE = Automatic;
				DEVELOPMENT_TEAM = 22SPKR75FE;
				INFOPLIST_FILE = WoopSicrediEvents/Info.plist;
				LD_RUNPATH_SEARCH_PATHS = (
					"$(inherited)",
					"@executable_path/Frameworks",
				);
				PRODUCT_BUNDLE_IDENTIFIER = GP.WoopSicrediEvents;
				PRODUCT_NAME = "$(TARGET_NAME)";
				SWIFT_VERSION = 4.2;
				TARGETED_DEVICE_FAMILY = "1,2";
			};
			name = Release;
		};
		16CDC26E224BFB11009E431E /* Debug */ = {
			isa = XCBuildConfiguration;
			buildSettings = {
				ALWAYS_EMBED_SWIFT_STANDARD_LIBRARIES = YES;
				BUNDLE_LOADER = "$(TEST_HOST)";
				CODE_SIGN_STYLE = Automatic;
				DEVELOPMENT_TEAM = 22SPKR75FE;
				INFOPLIST_FILE = WoopSicrediEventsTests/Info.plist;
				LD_RUNPATH_SEARCH_PATHS = (
					"$(inherited)",
					"@executable_path/Frameworks",
					"@loader_path/Frameworks",
				);
				PRODUCT_BUNDLE_IDENTIFIER = GP.WoopSicrediEventsTests;
				PRODUCT_NAME = "$(TARGET_NAME)";
				SWIFT_VERSION = 4.2;
				TARGETED_DEVICE_FAMILY = "1,2";
				TEST_HOST = "$(BUILT_PRODUCTS_DIR)/WoopSicrediEvents.app/WoopSicrediEvents";
			};
			name = Debug;
		};
		16CDC26F224BFB11009E431E /* Release */ = {
			isa = XCBuildConfiguration;
			buildSettings = {
				ALWAYS_EMBED_SWIFT_STANDARD_LIBRARIES = YES;
				BUNDLE_LOADER = "$(TEST_HOST)";
				CODE_SIGN_STYLE = Automatic;
				DEVELOPMENT_TEAM = 22SPKR75FE;
				INFOPLIST_FILE = WoopSicrediEventsTests/Info.plist;
				LD_RUNPATH_SEARCH_PATHS = (
					"$(inherited)",
					"@executable_path/Frameworks",
					"@loader_path/Frameworks",
				);
				PRODUCT_BUNDLE_IDENTIFIER = GP.WoopSicrediEventsTests;
				PRODUCT_NAME = "$(TARGET_NAME)";
				SWIFT_VERSION = 4.2;
				TARGETED_DEVICE_FAMILY = "1,2";
				TEST_HOST = "$(BUILT_PRODUCTS_DIR)/WoopSicrediEvents.app/WoopSicrediEvents";
			};
			name = Release;
		};
/* End XCBuildConfiguration section */

/* Begin XCConfigurationList section */
		16CDC248224BFB0E009E431E /* Build configuration list for PBXProject "WoopSicrediEvents" */ = {
			isa = XCConfigurationList;
			buildConfigurations = (
				16CDC268224BFB11009E431E /* Debug */,
				16CDC269224BFB11009E431E /* Release */,
			);
			defaultConfigurationIsVisible = 0;
			defaultConfigurationName = Release;
		};
		16CDC26A224BFB11009E431E /* Build configuration list for PBXNativeTarget "WoopSicrediEvents" */ = {
			isa = XCConfigurationList;
			buildConfigurations = (
				16CDC26B224BFB11009E431E /* Debug */,
				16CDC26C224BFB11009E431E /* Release */,
			);
			defaultConfigurationIsVisible = 0;
			defaultConfigurationName = Release;
		};
		16CDC26D224BFB11009E431E /* Build configuration list for PBXNativeTarget "WoopSicrediEventsTests" */ = {
			isa = XCConfigurationList;
			buildConfigurations = (
				16CDC26E224BFB11009E431E /* Debug */,
				16CDC26F224BFB11009E431E /* Release */,
			);
			defaultConfigurationIsVisible = 0;
			defaultConfigurationName = Release;
		};
/* End XCConfigurationList section */
	};
	rootObject = 16CDC245224BFB0E009E431E /* Project object */;
}
